{
  "version": 4,
  "terraform_version": "1.14.3",
  "serial": 51,
  "lineage": "c7b5a86c-6c73-69af-d7d4-d2a672de4e9f",
  "outputs": {
    "app_service_url": {
      "value": "appsvc-tarea3-95353.azurewebsites.net",
      "type": "string"
    },
    "static_web_app_api_token": {
      "value": "666592c45844cc74381c342bf583ba71027dec57c7f196e68916bca1763c4dc407-7496274f-2f08-4af1-bc55-5293bbc5ac7b00031250e906c300",
      "type": "string",
      "sensitive": true
    },
    "static_web_app_url": {
      "value": "zealous-water-0e906c300.7.azurestaticapps.net",
      "type": "string"
    }
  },
  "resources": [
    {
      "mode": "managed",
      "type": "azurerm_linux_web_app",
      "name": "app_service",
      "provider": "provider[\"registry.terraform.io/hashicorp/azurerm\"]",
      "instances": [
        {
          "schema_version": 1,
          "attributes": {
            "app_settings": {
              "WEBSITES_ENABLE_APP_SERVICE_STORAGE": "false"
            },
            "auth_settings": [],
            "auth_settings_v2": [],
            "backup": [],
            "client_affinity_enabled": false,
            "client_certificate_enabled": false,
            "client_certificate_exclusion_paths": "",
            "client_certificate_mode": "Required",
            "connection_string": [],
            "custom_domain_verification_id": "A249AC24FE97B2AE5B86775738F5EA0C16344BBCC867AF28B5FC6C8620BCD066",
            "default_hostname": "appsvc-tarea3-95353.azurewebsites.net",
            "enabled": true,
            "ftp_publish_basic_authentication_enabled": true,
            "hosting_environment_id": "",
            "https_only": false,
            "id": "/subscriptions/7a50e7e2-da2c-4d32-8e71-a8ce3c8828ac/resourceGroups/rg-tarea3-seguridad/providers/Microsoft.Web/sites/appsvc-tarea3-95353",
            "identity": [],
            "key_vault_reference_identity_id": "SystemAssigned",
            "kind": "app,linux",
            "location": "eastasia",
            "logs": [],
            "name": "appsvc-tarea3-95353",
            "outbound_ip_address_list": [
              "20.255.186.2",
              "20.6.178.250",
              "20.247.40.166",
              "57.158.88.126",
              "20.255.214.77",
              "20.255.186.189",
              "4.192.75.156",
              "57.158.73.47",
              "20.239.244.233",
              "20.6.158.160",
              "20.239.234.78",
              "20.6.176.250",
              "4.144.60.19",
              "57.158.98.29",
              "4.144.47.145",
              "57.158.73.204",
              "20.6.146.193",
              "20.255.214.61",
              "20.189.109.97",
              "20.205.70.10"
            ],
            "outbound_ip_addresses": "20.255.186.2,20.6.178.250,20.247.40.166,57.158.88.126,20.255.214.77,20.255.186.189,4.192.75.156,57.158.73.47,20.239.244.233,20.6.158.160,20.239.234.78,20.6.176.250,4.144.60.19,57.158.98.29,4.144.47.145,57.158.73.204,20.6.146.193,20.255.214.61,20.189.109.97,20.205.70.10",
            "possible_outbound_ip_address_list": [
              "20.255.186.2",
              "20.6.178.250",
              "20.247.40.166",
              "57.158.88.126",
              "20.255.214.77",
              "20.255.186.189",
              "4.192.75.156",
              "57.158.73.47",
              "20.239.244.233",
              "20.6.158.160",
              "20.239.234.78",
              "20.6.176.250",
              "4.144.60.19",
              "57.158.98.29",
              "4.144.47.145",
              "57.158.73.204",
              "20.6.146.193",
              "20.255.214.61",
              "20.247.41.243",
              "57.158.89.57",
              "20.247.40.128",
              "20.239.242.116",
              "20.239.237.193",
              "20.187.233.165",
              "20.187.234.102",
              "20.6.178.126",
              "20.187.235.70",
              "20.255.185.214",
              "20.255.185.220",
              "4.192.75.95",
              "20.255.217.76",
              "57.158.89.244",
              "20.239.242.229",
              "20.6.179.77",
              "20.255.187.90",
              "57.158.90.8",
              "20.189.109.97",
              "20.205.70.10"
            ],
            "possible_outbound_ip_addresses": "20.255.186.2,20.6.178.250,20.247.40.166,57.158.88.126,20.255.214.77,20.255.186.189,4.192.75.156,57.158.73.47,20.239.244.233,20.6.158.160,20.239.234.78,20.6.176.250,4.144.60.19,57.158.98.29,4.144.47.145,57.158.73.204,20.6.146.193,20.255.214.61,20.247.41.243,57.158.89.57,20.247.40.128,20.239.242.116,20.239.237.193,20.187.233.165,20.187.234.102,20.6.178.126,20.187.235.70,20.255.185.214,20.255.185.220,4.192.75.95,20.255.217.76,57.158.89.244,20.239.242.229,20.6.179.77,20.255.187.90,57.158.90.8,20.189.109.97,20.205.70.10",
            "public_network_access_enabled": true,
            "resource_group_name": "rg-tarea3-seguridad",
            "service_plan_id": "/subscriptions/7a50e7e2-da2c-4d32-8e71-a8ce3c8828ac/resourceGroups/rg-tarea3-seguridad/providers/Microsoft.Web/serverFarms/asp-tarea3-backend",
            "site_config": [
              {
                "always_on": false,
                "api_definition_url": "",
                "api_management_api_id": "",
                "app_command_line": "",
                "application_stack": [
                  {
                    "docker_image": "",
                    "docker_image_name": "",
                    "docker_image_tag": "",
                    "docker_registry_password": "",
                    "docker_registry_url": "",
                    "docker_registry_username": "",
                    "dotnet_version": "",
                    "go_version": "",
                    "java_server": "",
                    "java_server_version": "",
                    "java_version": "",
                    "node_version": "20-lts",
                    "php_version": "",
                    "python_version": "",
                    "ruby_version": ""
                  }
                ],
                "auto_heal_enabled": false,
                "auto_heal_setting": [],
                "container_registry_managed_identity_client_id": "",
                "container_registry_use_managed_identity": false,
                "cors": [],
                "default_documents": [
                  "Default.htm",
                  "Default.html",
                  "Default.asp",
                  "index.htm",
                  "index.html",
                  "iisstart.htm",
                  "default.aspx",
                  "index.php",
                  "hostingstart.html"
                ],
                "detailed_error_logging_enabled": false,
                "ftps_state": "Disabled",
                "health_check_eviction_time_in_min": 0,
                "health_check_path": "",
                "http2_enabled": false,
                "ip_restriction": [],
                "ip_restriction_default_action": "Allow",
                "linux_fx_version": "NODE|20-lts",
                "load_balancing_mode": "LeastRequests",
                "local_mysql_enabled": false,
                "managed_pipeline_mode": "Integrated",
                "minimum_tls_version": "1.2",
                "remote_debugging_enabled": false,
                "remote_debugging_version": "VS2022",
                "scm_ip_restriction": [],
                "scm_ip_restriction_default_action": "Allow",
                "scm_minimum_tls_version": "1.2",
                "scm_type": "None",
                "scm_use_main_ip_restriction": false,
                "use_32_bit_worker": true,
                "vnet_route_all_enabled": false,
                "websockets_enabled": false,
                "worker_count": 1
              }
            ],
            "site_credential": [
              {
                "name": "$appsvc-tarea3-95353",
                "password": "XWifczdlK8HgxxnyidjeaFxMBWdjsJlG0R5gpR8F4vinakeX2u2awzpPkJX7"
              }
            ],
            "sticky_settings": [],
            "storage_account": [],
            "tags": {},
            "timeouts": null,
            "virtual_network_subnet_id": "",
            "webdeploy_publish_basic_authentication_enabled": true,
            "zip_deploy_file": ""
          },
          "sensitive_attributes": [
            [
              {
                "type": "get_attr",
                "value": "custom_domain_verification_id"
              }
            ],
            [
              {
                "type": "get_attr",
                "value": "site_config"
              },
              {
                "type": "index",
                "value": {
                  "value": 0,
                  "type": "number"
                }
              },
              {
                "type": "get_attr",
                "value": "application_stack"
              },
              {
                "type": "index",
                "value": {
                  "value": 0,
                  "type": "number"
                }
              },
              {
                "type": "get_attr",
                "value": "docker_registry_password"
              }
            ],
            [
              {
                "type": "get_attr",
                "value": "site_credential"
              }
            ]
          ],
          "identity_schema_version": 0,
          "private": "eyJlMmJmYjczMC1lY2FhLTExZTYtOGY4OC0zNDM2M2JjN2M0YzAiOnsiY3JlYXRlIjoxODAwMDAwMDAwMDAwLCJkZWxldGUiOjE4MDAwMDAwMDAwMDAsInJlYWQiOjMwMDAwMDAwMDAwMCwidXBkYXRlIjoxODAwMDAwMDAwMDAwfSwic2NoZW1hX3ZlcnNpb24iOiIxIn0="
        }
      ]
    },
    {
      "mode": "managed",
      "type": "azurerm_resource_group",
      "name": "rg",
      "provider": "provider[\"registry.terraform.io/hashicorp/azurerm\"]",
      "instances": [
        {
          "schema_version": 0,
          "attributes": {
            "id": "/subscriptions/7a50e7e2-da2c-4d32-8e71-a8ce3c8828ac/resourceGroups/rg-tarea3-seguridad",
            "location": "eastasia",
            "managed_by": "",
            "name": "rg-tarea3-seguridad",
            "tags": {},
            "timeouts": null
          },
          "sensitive_attributes": [],
          "identity_schema_version": 0,
          "private": "eyJlMmJmYjczMC1lY2FhLTExZTYtOGY4OC0zNDM2M2JjN2M0YzAiOnsiY3JlYXRlIjo1NDAwMDAwMDAwMDAwLCJkZWxldGUiOjU0MDAwMDAwMDAwMDAsInJlYWQiOjMwMDAwMDAwMDAwMCwidXBkYXRlIjo1NDAwMDAwMDAwMDAwfX0="
        }
      ]
    },
    {
      "mode": "managed",
      "type": "azurerm_service_plan",
      "name": "app_service_plan",
      "provider": "provider[\"registry.terraform.io/hashicorp/azurerm\"]",
      "instances": [
        {
          "schema_version": 1,
          "attributes": {
            "app_service_environment_id": "",
            "id": "/subscriptions/7a50e7e2-da2c-4d32-8e71-a8ce3c8828ac/resourceGroups/rg-tarea3-seguridad/providers/Microsoft.Web/serverFarms/asp-tarea3-backend",
            "kind": "linux",
            "location": "eastasia",
            "maximum_elastic_worker_count": 1,
            "name": "asp-tarea3-backend",
            "os_type": "Linux",
            "per_site_scaling_enabled": false,
            "reserved": true,
            "resource_group_name": "rg-tarea3-seguridad",
            "sku_name": "F1",
            "tags": {},
            "timeouts": null,
            "worker_count": 1,
            "zone_balancing_enabled": false
          },
          "sensitive_attributes": [],
          "identity_schema_version": 0,
          "private": "eyJlMmJmYjczMC1lY2FhLTExZTYtOGY4OC0zNDM2M2JjN2M0YzAiOnsiY3JlYXRlIjozNjAwMDAwMDAwMDAwLCJkZWxldGUiOjM2MDAwMDAwMDAwMDAsInJlYWQiOjMwMDAwMDAwMDAwMCwidXBkYXRlIjozNjAwMDAwMDAwMDAwfSwic2NoZW1hX3ZlcnNpb24iOiIxIn0=",
          "dependencies": [
            "azurerm_resource_group.rg"
          ]
        }
      ]
    },
    {
      "mode": "managed",
      "type": "azurerm_static_site",
      "name": "static_web_app",
      "provider": "provider[\"registry.terraform.io/hashicorp/azurerm\"]",
      "instances": [
        {
          "schema_version": 0,
          "attributes": {
            "api_key": "666592c45844cc74381c342bf583ba71027dec57c7f196e68916bca1763c4dc407-7496274f-2f08-4af1-bc55-5293bbc5ac7b00031250e906c300",
            "app_settings": {},
            "default_host_name": "zealous-water-0e906c300.7.azurestaticapps.net",
            "id": "/subscriptions/7a50e7e2-da2c-4d32-8e71-a8ce3c8828ac/resourceGroups/rg-tarea3-seguridad/providers/Microsoft.Web/staticSites/stapp-tarea3-frontend",
            "identity": [],
            "location": "eastasia",
            "name": "stapp-tarea3-frontend",
            "resource_group_name": "rg-tarea3-seguridad",
            "sku_size": "Standard",
            "sku_tier": "Standard",
            "tags": {},
            "timeouts": null
          },
          "sensitive_attributes": [
            [
              {
                "type": "get_attr",
                "value": "api_key"
              }
            ]
          ],
          "identity_schema_version": 0,
          "private": "eyJlMmJmYjczMC1lY2FhLTExZTYtOGY4OC0zNDM2M2JjN2M0YzAiOnsiY3JlYXRlIjoxODAwMDAwMDAwMDAwLCJkZWxldGUiOjE4MDAwMDAwMDAwMDAsInJlYWQiOjMwMDAwMDAwMDAwMCwidXBkYXRlIjoxODAwMDAwMDAwMDAwfX0=",
          "dependencies": [
            "azurerm_resource_group.rg"
          ]
        }
      ]
    },
    {
      "mode": "managed",
      "type": "random_integer",
      "name": "ri",
      "provider": "provider[\"registry.terraform.io/hashicorp/random\"]",
      "instances": [
        {
          "schema_version": 0,
          "attributes": {
            "id": "95353",
            "keepers": null,
            "max": 99999,
            "min": 10000,
            "result": 95353,
            "seed": null
          },
          "sensitive_attributes": [],
          "identity_schema_version": 0
        }
      ]
    }
  ],
  "check_results": null
}
